// !$*UTF8*$!
{
	archiveVersion = 1;
	classes = {
	};
	objectVersion = 56;
	objects = {

/* Begin PBXBuildFile section */
		1A3957E72B0603B3009F58E3 /* GoogleMobileAds in Frameworks */ = {isa = PBXBuildFile; productRef = 1A3957E62B0603B3009F58E3 /* GoogleMobileAds */; };
		1A3957EA2B060752009F58E3 /* ConsentManager.m in Sources */ = {isa = PBXBuildFile; fileRef = 1A3957E92B060752009F58E3 /* ConsentManager.m */; };
		1AAFFA132B06015600C189B6 /* AppDelegate.m in Sources */ = {isa = PBXBuildFile; fileRef = 1AAFFA122B06015600C189B6 /* AppDelegate.m */; };
		1AAFFA162B06015600C189B6 /* SceneDelegate.m in Sources */ = {isa = PBXBuildFile; fileRef = 1AAFFA152B06015600C189B6 /* SceneDelegate.m */; };
		1AAFFA192B06015600C189B6 /* ViewController.m in Sources */ = {isa = PBXBuildFile; fileRef = 1AAFFA182B06015600C189B6 /* ViewController.m */; };
		1AAFFA1C2B06015600C189B6 /* Main.storyboard in Resources */ = {isa = PBXBuildFile; fileRef = 1AAFFA1A2B06015600C189B6 /* Main.storyboard */; };
		1AAFFA1E2B06015800C189B6 /* Assets.xcassets in Resources */ = {isa = PBXBuildFile; fileRef = 1AAFFA1D2B06015800C189B6 /* Assets.xcassets */; };
		1AAFFA212B06015800C189B6 /* LaunchScreen.storyboard in Resources */ = {isa = PBXBuildFile; fileRef = 1AAFFA1F2B06015800C189B6 /* LaunchScreen.storyboard */; };
		1AAFFA242B06015800C189B6 /* main.m in Sources */ = {isa = PBXBuildFile; fileRef = 1AAFFA232B06015800C189B6 /* main.m */; };
/* End PBXBuildFile section */

/* Begin PBXFileReference section */
		1A3957E82B060752009F58E3 /* ConsentManager.h */ = {isa = PBXFileReference; lastKnownFileType = sourcecode.c.h; path = ConsentManager.h; sourceTree = "<group>"; };
		1A3957E92B060752009F58E3 /* ConsentManager.m */ = {isa = PBXFileReference; lastKnownFileType = sourcecode.c.objc; path = ConsentManager.m; sourceTree = "<group>"; };
		1AAFFA0E2B06015600C189B6 /* AdmobCMPExample.app */ = {isa = PBXFileReference; explicitFileType = wrapper.application; includeInIndex = 0; path = AdmobCMPExample.app; sourceTree = BUILT_PRODUCTS_DIR; };
		1AAFFA112B06015600C189B6 /* AppDelegate.h */ = {isa = PBXFileReference; lastKnownFileType = sourcecode.c.h; path = AppDelegate.h; sourceTree = "<group>"; };
		1AAFFA122B06015600C189B6 /* AppDelegate.m */ = {isa = PBXFileReference; lastKnownFileType = sourcecode.c.objc; path = AppDelegate.m; sourceTree = "<group>"; };
		1AAFFA142B06015600C189B6 /* SceneDelegate.h */ = {isa = PBXFileReference; lastKnownFileType = sourcecode.c.h; path = SceneDelegate.h; sourceTree = "<group>"; };
		1AAFFA152B06015600C189B6 /* SceneDelegate.m */ = {isa = PBXFileReference; lastKnownFileType = sourcecode.c.objc; path = SceneDelegate.m; sourceTree = "<group>"; };
		1AAFFA172B06015600C189B6 /* ViewController.h */ = {isa = PBXFileReference; lastKnownFileType = sourcecode.c.h; path = ViewController.h; sourceTree = "<group>"; };
		1AAFFA182B06015600C189B6 /* ViewController.m */ = {isa = PBXFileReference; lastKnownFileType = sourcecode.c.objc; path = ViewController.m; sourceTree = "<group>"; };
		1AAFFA1B2B06015600C189B6 /* Base */ = {isa = PBXFileReference; lastKnownFileType = file.storyboard; name = Base; path = Base.lproj/Main.storyboard; sourceTree = "<group>"; };
		1AAFFA1D2B06015800C189B6 /* Assets.xcassets */ = {isa = PBXFileReference; lastKnownFileType = folder.assetcatalog; path = Assets.xcassets; sourceTree = "<group>"; };
		1AAFFA202B06015800C189B6 /* Base */ = {isa = PBXFileReference; lastKnownFileType = file.storyboard; name = Base; path = Base.lproj/LaunchScreen.storyboard; sourceTree = "<group>"; };
		1AAFFA222B06015800C189B6 /* Info.plist */ = {isa = PBXFileReference; lastKnownFileType = text.plist.xml; path = Info.plist; sourceTree = "<group>"; };
		1AAFFA232B06015800C189B6 /* main.m */ = {isa = PBXFileReference; lastKnownFileType = sourcecode.c.objc; path = main.m; sourceTree = "<group>"; };
/* End PBXFileReference section */

/* Begin PBXFrameworksBuildPhase section */
		1AAFFA0B2B06015600C189B6 /* Frameworks */ = {
			isa = PBXFrameworksBuildPhase;
			buildActionMask = 2147483647;
			files = (
				1A3957E72B0603B3009F58E3 /* GoogleMobileAds in Frameworks */,
			);
			runOnlyForDeploymentPostprocessing = 0;
		};
/* End PBXFrameworksBuildPhase section */

/* Begin PBXGroup section */
		1AAFFA052B06015600C189B6 = {
			isa = PBXGroup;
			children = (
				1AAFFA102B06015600C189B6 /* AdmobCMPExample */,
				1AAFFA0F2B06015600C189B6 /* Products */,
			);
			sourceTree = "<group>";
		};
		1AAFFA0F2B06015600C189B6 /* Products */ = {
			isa = PBXGroup;
			children = (
				1AAFFA0E2B06015600C189B6 /* AdmobCMPExample.app */,
			);
			name = Products;
			sourceTree = "<group>";
		};
		1AAFFA102B06015600C189B6 /* AdmobCMPExample */ = {
			isa = PBXGroup;
			children = (
				1AAFFA112B06015600C189B6 /* AppDelegate.h */,
				1AAFFA122B06015600C189B6 /* AppDelegate.m */,
				1AAFFA142B06015600C189B6 /* SceneDelegate.h */,
				1AAFFA152B06015600C189B6 /* SceneDelegate.m */,
				1AAFFA172B06015600C189B6 /* ViewController.h */,
				1AAFFA182B06015600C189B6 /* ViewController.m */,
				1AAFFA1A2B06015600C189B6 /* Main.storyboard */,
				1AAFFA1D2B06015800C189B6 /* Assets.xcassets */,
				1AAFFA1F2B06015800C189B6 /* LaunchScreen.storyboard */,
				1AAFFA222B06015800C189B6 /* Info.plist */,
				1AAFFA232B06015800C189B6 /* main.m */,
				1A3957E82B060752009F58E3 /* ConsentManager.h */,
				1A3957E92B060752009F58E3 /* ConsentManager.m */,
			);
			path = AdmobCMPExample;
			sourceTree = "<group>";
		};
/* End PBXGroup section */

/* Begin PBXNativeTarget section */
		1AAFFA0D2B06015600C189B6 /* AdmobCMPExample */ = {
			isa = PBXNativeTarget;
			buildConfigurationList = 1AAFFA272B06015800C189B6 /* Build configuration list for PBXNativeTarget "AdmobCMPExample" */;
			buildPhases = (
				1AAFFA0A2B06015600C189B6 /* Sources */,
				1AAFFA0B2B06015600C189B6 /* Frameworks */,
				1AAFFA0C2B06015600C189B6 /* Resources */,
			);
			buildRules = (
			);
			dependencies = (
			);
			name = AdmobCMPExample;
			packageProductDependencies = (
				1A3957E62B0603B3009F58E3 /* GoogleMobileAds */,
			);
			productName = AdmobGDPR;
			productReference = 1AAFFA0E2B06015600C189B6 /* AdmobCMPExample.app */;
			productType = "com.apple.product-type.application";
		};
/* End PBXNativeTarget section */

/* Begin PBXProject section */
		1AAFFA062B06015600C189B6 /* Project object */ = {
			isa = PBXProject;
			attributes = {
				BuildIndependentTargetsInParallel = 1;
				LastUpgradeCheck = 1500;
				TargetAttributes = {
					1AAFFA0D2B06015600C189B6 = {
						CreatedOnToolsVersion = 15.0.1;
					};
				};
			};
			buildConfigurationList = 1AAFFA092B06015600C189B6 /* Build configuration list for PBXProject "AdmobCMPExample" */;
			compatibilityVersion = "Xcode 14.0";
			developmentRegion = en;
			hasScannedForEncodings = 0;
			knownRegions = (
				en,
				Base,
			);
			mainGroup = 1AAFFA052B06015600C189B6;
			packageReferences = (
				1A3957E52B0603B3009F58E3 /* XCRemoteSwiftPackageReference "swift-package-manager-google-mobile-ads" */,
			);
			productRefGroup = 1AAFFA0F2B06015600C189B6 /* Products */;
			projectDirPath = "";
			projectRoot = "";
			targets = (
				1AAFFA0D2B06015600C189B6 /* AdmobCMPExample */,
			);
		};
/* End PBXProject section */

/* Begin PBXResourcesBuildPhase section */
		1AAFFA0C2B06015600C189B6 /* Resources */ = {
			isa = PBXResourcesBuildPhase;
			buildActionMask = 2147483647;
			files = (
				1AAFFA212B06015800C189B6 /* LaunchScreen.storyboard in Resources */,
				1AAFFA1E2B06015800C189B6 /* Assets.xcassets in Resources */,
				1AAFFA1C2B06015600C189B6 /* Main.storyboard in Resources */,
			);
			runOnlyForDeploymentPostprocessing = 0;
		};
/* End PBXResourcesBuildPhase section */

/* Begin PBXSourcesBuildPhase section */
		1AAFFA0A2B06015600C189B6 /* Sources */ = {
			isa = PBXSourcesBuildPhase;
			buildActionMask = 2147483647;
			files = (
				1A3957EA2B060752009F58E3 /* ConsentManager.m in Sources */,
				1AAFFA192B06015600C189B6 /* ViewController.m in Sources */,
				1AAFFA132B06015600C189B6 /* AppDelegate.m in Sources */,
				1AAFFA242B06015800C189B6 /* main.m in Sources */,
				1AAFFA162B06015600C189B6 /* SceneDelegate.m in Sources */,
			);
			runOnlyForDeploymentPostprocessing = 0;
		};
/* End PBXSourcesBuildPhase section */

/* Begin PBXVariantGroup section */
		1AAFFA1A2B06015600C189B6 /* Main.storyboard */ = {
			isa = PBXVariantGroup;
			children = (
				1AAFFA1B2B06015600C189B6 /* Base */,
			);
			name = Main.storyboard;
			sourceTree = "<group>";
		};
		1AAFFA1F2B06015800C189B6 /* LaunchScreen.storyboard */ = {
			isa = PBXVariantGroup;
			children = (
				1AAFFA202B06015800C189B6 /* Base */,
			);
			name = LaunchScreen.storyboard;
			sourceTree = "<group>";
		};
/* End PBXVariantGroup section */

/* Begin XCBuildConfiguration section */
		1AAFFA252B06015800C189B6 /* Debug */ = {
			isa = XCBuildConfiguration;
			buildSettings = {
				ALWAYS_SEARCH_USER_PATHS = NO;
				ASSETCATALOG_COMPILER_GENERATE_SWIFT_ASSET_SYMBOL_EXTENSIONS = YES;
				CLANG_ANALYZER_NONNULL = YES;
				CLANG_ANALYZER_NUMBER_OBJECT_CONVERSION = YES_AGGRESSIVE;
				CLANG_CXX_LANGUAGE_STANDARD = "gnu++20";
				CLANG_ENABLE_MODULES = YES;
				CLANG_ENABLE_OBJC_ARC = YES;
				CLANG_ENABLE_OBJC_WEAK = YES;
				CLANG_WARN_BLOCK_CAPTURE_AUTORELEASING = YES;
				CLANG_WARN_BOOL_CONVERSION = YES;
				CLANG_WARN_COMMA = YES;
				CLANG_WARN_CONSTANT_CONVERSION = YES;
				CLANG_WARN_DEPRECATED_OBJC_IMPLEMENTATIONS = YES;
				CLANG_WARN_DIRECT_OBJC_ISA_USAGE = YES_ERROR;
				CLANG_WARN_DOCUMENTATION_COMMENTS = YES;
				CLANG_WARN_EMPTY_BODY = YES;
				CLANG_WARN_ENUM_CONVERSION = YES;
				CLANG_WARN_INFINITE_RECURSION = YES;
				CLANG_WARN_INT_CONVERSION = YES;
				CLANG_WARN_NON_LITERAL_NULL_CONVERSION = YES;
				CLANG_WARN_OBJC_IMPLICIT_RETAIN_SELF = YES;
				CLANG_WARN_OBJC_LITERAL_CONVERSION = YES;
				CLANG_WARN_OBJC_ROOT_CLASS = YES_ERROR;
				CLANG_WARN_QUOTED_INCLUDE_IN_FRAMEWORK_HEADER = YES;
				CLANG_WARN_RANGE_LOOP_ANALYSIS = YES;
				CLANG_WARN_STRICT_PROTOTYPES = YES;
				CLANG_WARN_SUSPICIOUS_MOVE = YES;
				CLANG_WARN_UNGUARDED_AVAILABILITY = YES_AGGRESSIVE;
				CLANG_WARN_UNREACHABLE_CODE = YES;
				CLANG_WARN__DUPLICATE_METHOD_MATCH = YES;
				COPY_PHASE_STRIP = NO;
				DEBUG_INFORMATION_FORMAT = dwarf;
				ENABLE_STRICT_OBJC_MSGSEND = YES;
				ENABLE_TESTABILITY = YES;
				ENABLE_USER_SCRIPT_SANDBOXING = YES;
				GCC_C_LANGUAGE_STANDARD = gnu17;
				GCC_DYNAMIC_NO_PIC = NO;
				GCC_NO_COMMON_BLOCKS = YES;
				GCC_OPTIMIZATION_LEVEL = 0;
				GCC_PREPROCESSOR_DEFINITIONS = (
					"DEBUG=1",
					"$(inherited)",
				);
				GCC_WARN_64_TO_32_BIT_CONVERSION = YES;
				GCC_WARN_ABOUT_RETURN_TYPE = YES_ERROR;
				GCC_WARN_UNDECLARED_SELECTOR = YES;
				GCC_WARN_UNINITIALIZED_AUTOS = YES_AGGRESSIVE;
				GCC_WARN_UNUSED_FUNCTION = YES;
				GCC_WARN_UNUSED_VARIABLE = YES;
				IPHONEOS_DEPLOYMENT_TARGET = 17.0;
				LOCALIZATION_PREFERS_STRING_CATALOGS = YES;
				MTL_ENABLE_DEBUG_INFO = INCLUDE_SOURCE;
				MTL_FAST_MATH = YES;
				ONLY_ACTIVE_ARCH = YES;
				SDKROOT = iphoneos;
			};
			name = Debug;
		};
		1AAFFA262B06015800C189B6 /* Release */ = {
			isa = XCBuildConfiguration;
			buildSettings = {
				ALWAYS_SEARCH_USER_PATHS = NO;
				ASSETCATALOG_COMPILER_GENERATE_SWIFT_ASSET_SYMBOL_EXTENSIONS = YES;
				CLANG_ANALYZER_NONNULL = YES;
				CLANG_ANALYZER_NUMBER_OBJECT_CONVERSION = YES_AGGRESSIVE;
				CLANG_CXX_LANGUAGE_STANDARD = "gnu++20";
				CLANG_ENABLE_MODULES = YES;
				CLANG_ENABLE_OBJC_ARC = YES;
				CLANG_ENABLE_OBJC_WEAK = YES;
				CLANG_WARN_BLOCK_CAPTURE_AUTORELEASING = YES;
				CLANG_WARN_BOOL_CONVERSION = YES;
				CLANG_WARN_COMMA = YES;
				CLANG_WARN_CONSTANT_CONVERSION = YES;
				CLANG_WARN_DEPRECATED_OBJC_IMPLEMENTATIONS = YES;
				CLANG_WARN_DIRECT_OBJC_ISA_USAGE = YES_ERROR;
				CLANG_WARN_DOCUMENTATION_COMMENTS = YES;
				CLANG_WARN_EMPTY_BODY = YES;
				CLANG_WARN_ENUM_CONVERSION = YES;
				CLANG_WARN_INFINITE_RECURSION = YES;
				CLANG_WARN_INT_CONVERSION = YES;
				CLANG_WARN_NON_LITERAL_NULL_CONVERSION = YES;
				CLANG_WARN_OBJC_IMPLICIT_RETAIN_SELF = YES;
				CLANG_WARN_OBJC_LITERAL_CONVERSION = YES;
				CLANG_WARN_OBJC_ROOT_CLASS = YES_ERROR;
				CLANG_WARN_QUOTED_INCLUDE_IN_FRAMEWORK_HEADER = YES;
				CLANG_WARN_RANGE_LOOP_ANALYSIS = YES;
				CLANG_WARN_STRICT_PROTOTYPES = YES;
				CLANG_WARN_SUSPICIOUS_MOVE = YES;
				CLANG_WARN_UNGUARDED_AVAILABILITY = YES_AGGRESSIVE;
				CLANG_WARN_UNREACHABLE_CODE = YES;
				CLANG_WARN__DUPLICATE_METHOD_MATCH = YES;
				COPY_PHASE_STRIP = NO;
				DEBUG_INFORMATION_FORMAT = "dwarf-with-dsym";
				ENABLE_NS_ASSERTIONS = NO;
				ENABLE_STRICT_OBJC_MSGSEND = YES;
				ENABLE_USER_SCRIPT_SANDBOXING = YES;
				GCC_C_LANGUAGE_STANDARD = gnu17;
				GCC_NO_COMMON_BLOCKS = YES;
				GCC_WARN_64_TO_32_BIT_CONVERSION = YES;
				GCC_WARN_ABOUT_RETURN_TYPE = YES_ERROR;
				GCC_WARN_UNDECLARED_SELECTOR = YES;
				GCC_WARN_UNINITIALIZED_AUTOS = YES_AGGRESSIVE;
				GCC_WARN_UNUSED_FUNCTION = YES;
				GCC_WARN_UNUSED_VARIABLE = YES;
				IPHONEOS_DEPLOYMENT_TARGET = 17.0;
				LOCALIZATION_PREFERS_STRING_CATALOGS = YES;
				MTL_ENABLE_DEBUG_INFO = NO;
				MTL_FAST_MATH = YES;
				SDKROOT = iphoneos;
				VALIDATE_PRODUCT = YES;
			};
			name = Release;
		};
		1AAFFA282B06015800C189B6 /* Debug */ = {
			isa = XCBuildConfiguration;
			buildSettings = {
				ASSETCATALOG_COMPILER_APPICON_NAME = AppIcon;
				ASSETCATALOG_COMPILER_GLOBAL_ACCENT_COLOR_NAME = AccentColor;
				CODE_SIGN_STYLE = Automatic;
				CURRENT_PROJECT_VERSION = 1;
				DEVELOPMENT_TEAM = DPTVNYZ67M;
				GENERATE_INFOPLIST_FILE = YES;
				INFOPLIST_FILE = AdmobCMPExample/Info.plist;
				INFOPLIST_KEY_UIApplicationSupportsIndirectInputEvents = YES;
				INFOPLIST_KEY_UILaunchStoryboardName = LaunchScreen;
				INFOPLIST_KEY_UIMainStoryboardFile = Main;
				INFOPLIST_KEY_UISupportedInterfaceOrientations_iPad = "UIInterfaceOrientationPortrait UIInterfaceOrientationPortraitUpsideDown UIInterfaceOrientationLandscapeLeft UIInterfaceOrientationLandscapeRight";
				INFOPLIST_KEY_UISupportedInterfaceOrientations_iPhone = "UIInterfaceOrientationPortrait UIInterfaceOrientationLandscapeLeft UIInterfaceOrientationLandscapeRight";
				LD_RUNPATH_SEARCH_PATHS = (
					"$(inherited)",
					"@executable_path/Frameworks",
				);
				MARKETING_VERSION = 1.0;
				PRODUCT_BUNDLE_IDENTIFIER = com.app.admob;
				PRODUCT_NAME = "$(TARGET_NAME)";
				SWIFT_EMIT_LOC_STRINGS = YES;
				TARGETED_DEVICE_FAMILY = "1,2";
			};
			name = Debug;
		};
		1AAFFA292B06015800C189B6 /* Release */ = {
			isa = XCBuildConfiguration;
			buildSettings = {
				ASSETCATALOG_COMPILER_APPICON_NAME = AppIcon;
				ASSETCATALOG_COMPILER_GLOBAL_ACCENT_COLOR_NAME = AccentColor;
				CODE_SIGN_STYLE = Automatic;
				CURRENT_PROJECT_VERSION = 1;
				DEVELOPMENT_TEAM = DPTVNYZ67M;
				GENERATE_INFOPLIST_FILE = YES;
				INFOPLIST_FILE = AdmobCMPExample/Info.plist;
				INFOPLIST_KEY_UIApplicationSupportsIndirectInputEvents = YES;
				INFOPLIST_KEY_UILaunchStoryboardName = LaunchScreen;
				INFOPLIST_KEY_UIMainStoryboardFile = Main;
				INFOPLIST_KEY_UISupportedInterfaceOrientations_iPad = "UIInterfaceOrientationPortrait UIInterfaceOrientationPortraitUpsideDown UIInterfaceOrientationLandscapeLeft UIInterfaceOrientationLandscapeRight";
				INFOPLIST_KEY_UISupportedInterfaceOrientations_iPhone = "UIInterfaceOrientationPortrait UIInterfaceOrientationLandscapeLeft UIInterfaceOrientationLandscapeRight";
				LD_RUNPATH_SEARCH_PATHS = (
					"$(inherited)",
					"@executable_path/Frameworks",
				);
				MARKETING_VERSION = 1.0;
				PRODUCT_BUNDLE_IDENTIFIER = com.app.admob;
				PRODUCT_NAME = "$(TARGET_NAME)";
				SWIFT_EMIT_LOC_STRINGS = YES;
				TARGETED_DEVICE_FAMILY = "1,2";
			};
			name = Release;
		};
/* End XCBuildConfiguration section */

/* Begin XCConfigurationList section */
		1AAFFA092B06015600C189B6 /* Build configuration list for PBXProject "AdmobCMPExample" */ = {
			isa = XCConfigurationList;
			buildConfigurations = (
				1AAFFA252B06015800C189B6 /* Debug */,
				1AAFFA262B06015800C189B6 /* Release */,
			);
			defaultConfigurationIsVisible = 0;
			defaultConfigurationName = Release;
		};
		1AAFFA272B06015800C189B6 /* Build configuration list for PBXNativeTarget "AdmobCMPExample" */ = {
			isa = XCConfigurationList;
			buildConfigurations = (
				1AAFFA282B06015800C189B6 /* Debug */,
				1AAFFA292B06015800C189B6 /* Release */,
			);
			defaultConfigurationIsVisible = 0;
			defaultConfigurationName = Release;
		};
/* End XCConfigurationList section */

/* Begin XCRemoteSwiftPackageReference section */
		1A3957E52B0603B3009F58E3 /* XCRemoteSwiftPackageReference "swift-package-manager-google-mobile-ads" */ = {
			isa = XCRemoteSwiftPackageReference;
			repositoryURL = "https://github.com/googleads/swift-package-manager-google-mobile-ads.git";
			requirement = {
				kind = upToNextMajorVersion;
				minimumVersion = 10.13.0;
			};
		};
/* End XCRemoteSwiftPackageReference section */

/* Begin XCSwiftPackageProductDependency section */
		1A3957E62B0603B3009F58E3 /* GoogleMobileAds */ = {
			isa = XCSwiftPackageProductDependency;
			package = 1A3957E52B0603B3009F58E3 /* XCRemoteSwiftPackageReference "swift-package-manager-google-mobile-ads" */;
			productName = GoogleMobileAds;
		};
/* End XCSwiftPackageProductDependency section */
	};
	rootObject = 1AAFFA062B06015600C189B6 /* Project object */;
}
